// !$*UTF8*$!
{
	archiveVersion = 1;
	classes = {
	};
	objectVersion = 51;
	objects = {

/* Begin PBXBuildFile section */
		625B49FB264C9D7C00AAF11F /* AppDelegate.swift in Sources */ = {isa = PBXBuildFile; fileRef = 625B49FA264C9D7C00AAF11F /* AppDelegate.swift */; };
		625B49FD264C9D7C00AAF11F /* SceneDelegate.swift in Sources */ = {isa = PBXBuildFile; fileRef = 625B49FC264C9D7C00AAF11F /* SceneDelegate.swift */; };
		625B49FF264C9D7C00AAF11F /* ViewController.swift in Sources */ = {isa = PBXBuildFile; fileRef = 625B49FE264C9D7C00AAF11F /* ViewController.swift */; };
		625B4A02264C9D7C00AAF11F /* Main.storyboard in Resources */ = {isa = PBXBuildFile; fileRef = 625B4A00264C9D7C00AAF11F /* Main.storyboard */; };
		625B4A05264C9D7C00AAF11F /* Microphone_Recording.xcdatamodeld in Sources */ = {isa = PBXBuildFile; fileRef = 625B4A03264C9D7C00AAF11F /* Microphone_Recording.xcdatamodeld */; };
		625B4A07264C9D7D00AAF11F /* Assets.xcassets in Resources */ = {isa = PBXBuildFile; fileRef = 625B4A06264C9D7D00AAF11F /* Assets.xcassets */; };
		625B4A0A264C9D7D00AAF11F /* LaunchScreen.storyboard in Resources */ = {isa = PBXBuildFile; fileRef = 625B4A08264C9D7D00AAF11F /* LaunchScreen.storyboard */; };
		625B4A17264CA0A000AAF11F /* Platform.swift in Sources */ = {isa = PBXBuildFile; fileRef = 625B4A16264CA0A000AAF11F /* Platform.swift */; };
		625B4A19264CA1B400AAF11F /* UseCaseProvider.swift in Sources */ = {isa = PBXBuildFile; fileRef = 625B4A18264CA1B400AAF11F /* UseCaseProvider.swift */; };
		E315C9BF9D61273824703637 /* Pods_Microphone_Recording.framework in Frameworks */ = {isa = PBXBuildFile; fileRef = F7408728D1A09E96E332C392 /* Pods_Microphone_Recording.framework */; };
/* End PBXBuildFile section */

/* Begin PBXFileReference section */
		131A964C682B25F37CC969D8 /* Pods-Microphone Recording.release.xcconfig */ = {isa = PBXFileReference; includeInIndex = 1; lastKnownFileType = text.xcconfig; name = "Pods-Microphone Recording.release.xcconfig"; path = "Target Support Files/Pods-Microphone Recording/Pods-Microphone Recording.release.xcconfig"; sourceTree = "<group>"; };
		625B49F7264C9D7C00AAF11F /* Microphone Recording.app */ = {isa = PBXFileReference; explicitFileType = wrapper.application; includeInIndex = 0; path = "Microphone Recording.app"; sourceTree = BUILT_PRODUCTS_DIR; };
		625B49FA264C9D7C00AAF11F /* AppDelegate.swift */ = {isa = PBXFileReference; lastKnownFileType = sourcecode.swift; path = AppDelegate.swift; sourceTree = "<group>"; };
		625B49FC264C9D7C00AAF11F /* SceneDelegate.swift */ = {isa = PBXFileReference; lastKnownFileType = sourcecode.swift; path = SceneDelegate.swift; sourceTree = "<group>"; };
		625B49FE264C9D7C00AAF11F /* ViewController.swift */ = {isa = PBXFileReference; lastKnownFileType = sourcecode.swift; path = ViewController.swift; sourceTree = "<group>"; };
		625B4A01264C9D7C00AAF11F /* Base */ = {isa = PBXFileReference; lastKnownFileType = file.storyboard; name = Base; path = Base.lproj/Main.storyboard; sourceTree = "<group>"; };
		625B4A04264C9D7C00AAF11F /* Microphone_Recording.xcdatamodel */ = {isa = PBXFileReference; lastKnownFileType = wrapper.xcdatamodel; path = Microphone_Recording.xcdatamodel; sourceTree = "<group>"; };
		625B4A06264C9D7D00AAF11F /* Assets.xcassets */ = {isa = PBXFileReference; lastKnownFileType = folder.assetcatalog; path = Assets.xcassets; sourceTree = "<group>"; };
		625B4A09264C9D7D00AAF11F /* Base */ = {isa = PBXFileReference; lastKnownFileType = file.storyboard; name = Base; path = Base.lproj/LaunchScreen.storyboard; sourceTree = "<group>"; };
		625B4A0B264C9D7D00AAF11F /* Info.plist */ = {isa = PBXFileReference; lastKnownFileType = text.plist.xml; path = Info.plist; sourceTree = "<group>"; };
		625B4A16264CA0A000AAF11F /* Platform.swift */ = {isa = PBXFileReference; lastKnownFileType = sourcecode.swift; path = Platform.swift; sourceTree = "<group>"; };
		625B4A18264CA1B400AAF11F /* UseCaseProvider.swift */ = {isa = PBXFileReference; lastKnownFileType = sourcecode.swift; path = UseCaseProvider.swift; sourceTree = "<group>"; };
		E1C668836C0D85807428514F /* Pods-Microphone Recording.debug.xcconfig */ = {isa = PBXFileReference; includeInIndex = 1; lastKnownFileType = text.xcconfig; name = "Pods-Microphone Recording.debug.xcconfig"; path = "Target Support Files/Pods-Microphone Recording/Pods-Microphone Recording.debug.xcconfig"; sourceTree = "<group>"; };
		F7408728D1A09E96E332C392 /* Pods_Microphone_Recording.framework */ = {isa = PBXFileReference; explicitFileType = wrapper.framework; includeInIndex = 0; path = Pods_Microphone_Recording.framework; sourceTree = BUILT_PRODUCTS_DIR; };
/* End PBXFileReference section */

/* Begin PBXFrameworksBuildPhase section */
		625B49F4264C9D7C00AAF11F /* Frameworks */ = {
			isa = PBXFrameworksBuildPhase;
			buildActionMask = 2147483647;
			files = (
				E315C9BF9D61273824703637 /* Pods_Microphone_Recording.framework in Frameworks */,
			);
			runOnlyForDeploymentPostprocessing = 0;
		};
/* End PBXFrameworksBuildPhase section */

/* Begin PBXGroup section */
		4F840CB12983A997266D5671 /* Frameworks */ = {
			isa = PBXGroup;
			children = (
				F7408728D1A09E96E332C392 /* Pods_Microphone_Recording.framework */,
			);
			name = Frameworks;
			sourceTree = "<group>";
		};
		625B49EE264C9D7C00AAF11F = {
			isa = PBXGroup;
			children = (
				625B49F9264C9D7C00AAF11F /* Microphone Recording */,
				625B49F8264C9D7C00AAF11F /* Products */,
				DC5F6DB6D72E78013D0C22BD /* Pods */,
				4F840CB12983A997266D5671 /* Frameworks */,
			);
			sourceTree = "<group>";
		};
		625B49F8264C9D7C00AAF11F /* Products */ = {
			isa = PBXGroup;
			children = (
				625B49F7264C9D7C00AAF11F /* Microphone Recording.app */,
			);
			name = Products;
			sourceTree = "<group>";
		};
		625B49F9264C9D7C00AAF11F /* Microphone Recording */ = {
			isa = PBXGroup;
			children = (
				625B4A15264C9E0600AAF11F /* Domain */,
				625B4A14264C9DFF00AAF11F /* Application */,
				625B4A13264C9DF500AAF11F /* Platform */,
			);
			path = "Microphone Recording";
			sourceTree = "<group>";
		};
		625B4A13264C9DF500AAF11F /* Platform */ = {
			isa = PBXGroup;
			children = (
				625B4A16264CA0A000AAF11F /* Platform.swift */,
			);
			path = Platform;
			sourceTree = "<group>";
		};
		625B4A14264C9DFF00AAF11F /* Application */ = {
			isa = PBXGroup;
			children = (
				625B49FA264C9D7C00AAF11F /* AppDelegate.swift */,
				625B49FC264C9D7C00AAF11F /* SceneDelegate.swift */,
				625B4A1A264CA3A000AAF11F /* Bundle */,
				625B4A1E264CA42E00AAF11F /* Modules */,
				625B4A1C264CA3E100AAF11F /* Supporting Files */,
			);
			path = Application;
			sourceTree = "<group>";
		};
		625B4A15264C9E0600AAF11F /* Domain */ = {
			isa = PBXGroup;
			children = (
				625B4A18264CA1B400AAF11F /* UseCaseProvider.swift */,
			);
			path = Domain;
			sourceTree = "<group>";
		};
		625B4A1A264CA3A000AAF11F /* Bundle */ = {
			isa = PBXGroup;
			children = (
				625B4A1D264CA40600AAF11F /* Persistance */,
				625B4A1B264CA3D200AAF11F /* Storyboards */,
				625B4A06264C9D7D00AAF11F /* Assets.xcassets */,
			);
			path = Bundle;
			sourceTree = "<group>";
		};
		625B4A1B264CA3D200AAF11F /* Storyboards */ = {
			isa = PBXGroup;
			children = (
				625B4A00264C9D7C00AAF11F /* Main.storyboard */,
				625B4A08264C9D7D00AAF11F /* LaunchScreen.storyboard */,
			);
			path = Storyboards;
			sourceTree = "<group>";
		};
		625B4A1C264CA3E100AAF11F /* Supporting Files */ = {
			isa = PBXGroup;
			children = (
				625B4A0B264C9D7D00AAF11F /* Info.plist */,
			);
			path = "Supporting Files";
			sourceTree = "<group>";
		};
		625B4A1D264CA40600AAF11F /* Persistance */ = {
			isa = PBXGroup;
			children = (
				625B4A03264C9D7C00AAF11F /* Microphone_Recording.xcdatamodeld */,
			);
			path = Persistance;
			sourceTree = "<group>";
		};
		625B4A1E264CA42E00AAF11F /* Modules */ = {
			isa = PBXGroup;
			children = (
				625B49FE264C9D7C00AAF11F /* ViewController.swift */,
			);
			path = Modules;
			sourceTree = "<group>";
		};
		DC5F6DB6D72E78013D0C22BD /* Pods */ = {
			isa = PBXGroup;
			children = (
				E1C668836C0D85807428514F /* Pods-Microphone Recording.debug.xcconfig */,
				131A964C682B25F37CC969D8 /* Pods-Microphone Recording.release.xcconfig */,
			);
			path = Pods;
			sourceTree = "<group>";
		};
/* End PBXGroup section */

/* Begin PBXNativeTarget section */
		625B49F6264C9D7C00AAF11F /* Microphone Recording */ = {
			isa = PBXNativeTarget;
			buildConfigurationList = 625B4A0E264C9D7D00AAF11F /* Build configuration list for PBXNativeTarget "Microphone Recording" */;
			buildPhases = (
				85E8A8B3969DC7A0429A5A5A /* [CP] Check Pods Manifest.lock */,
				625B49F3264C9D7C00AAF11F /* Sources */,
				625B49F4264C9D7C00AAF11F /* Frameworks */,
				625B49F5264C9D7C00AAF11F /* Resources */,
				0FE79AE428C8D21C608CD866 /* [CP] Embed Pods Frameworks */,
			);
			buildRules = (
			);
			dependencies = (
			);
			name = "Microphone Recording";
			productName = "Microphone Recording";
			productReference = 625B49F7264C9D7C00AAF11F /* Microphone Recording.app */;
			productType = "com.apple.product-type.application";
		};
/* End PBXNativeTarget section */

/* Begin PBXProject section */
		625B49EF264C9D7C00AAF11F /* Project object */ = {
			isa = PBXProject;
			attributes = {
				LastSwiftUpdateCheck = 1250;
				LastUpgradeCheck = 1250;
				TargetAttributes = {
					625B49F6264C9D7C00AAF11F = {
						CreatedOnToolsVersion = 12.5;
					};
				};
			};
			buildConfigurationList = 625B49F2264C9D7C00AAF11F /* Build configuration list for PBXProject "Microphone Recording" */;
			compatibilityVersion = "Xcode 9.3";
			developmentRegion = en;
			hasScannedForEncodings = 0;
			knownRegions = (
				en,
				Base,
			);
			mainGroup = 625B49EE264C9D7C00AAF11F;
			productRefGroup = 625B49F8264C9D7C00AAF11F /* Products */;
			projectDirPath = "";
			projectRoot = "";
			targets = (
				625B49F6264C9D7C00AAF11F /* Microphone Recording */,
			);
		};
/* End PBXProject section */

/* Begin PBXResourcesBuildPhase section */
		625B49F5264C9D7C00AAF11F /* Resources */ = {
			isa = PBXResourcesBuildPhase;
			buildActionMask = 2147483647;
			files = (
				625B4A0A264C9D7D00AAF11F /* LaunchScreen.storyboard in Resources */,
				625B4A07264C9D7D00AAF11F /* Assets.xcassets in Resources */,
				625B4A02264C9D7C00AAF11F /* Main.storyboard in Resources */,
			);
			runOnlyForDeploymentPostprocessing = 0;
		};
/* End PBXResourcesBuildPhase section */

/* Begin PBXShellScriptBuildPhase section */
		0FE79AE428C8D21C608CD866 /* [CP] Embed Pods Frameworks */ = {
			isa = PBXShellScriptBuildPhase;
			buildActionMask = 2147483647;
			files = (
			);
			inputFileListPaths = (
				"${PODS_ROOT}/Target Support Files/Pods-Microphone Recording/Pods-Microphone Recording-frameworks-${CONFIGURATION}-input-files.xcfilelist",
			);
			name = "[CP] Embed Pods Frameworks";
			outputFileListPaths = (
				"${PODS_ROOT}/Target Support Files/Pods-Microphone Recording/Pods-Microphone Recording-frameworks-${CONFIGURATION}-output-files.xcfilelist",
			);
			runOnlyForDeploymentPostprocessing = 0;
			shellPath = /bin/sh;
			shellScript = "\"${PODS_ROOT}/Target Support Files/Pods-Microphone Recording/Pods-Microphone Recording-frameworks.sh\"\n";
			showEnvVarsInLog = 0;
		};
		85E8A8B3969DC7A0429A5A5A /* [CP] Check Pods Manifest.lock */ = {
			isa = PBXShellScriptBuildPhase;
			buildActionMask = 2147483647;
			files = (
			);
			inputFileListPaths = (
			);
			inputPaths = (
				"${PODS_PODFILE_DIR_PATH}/Podfile.lock",
				"${PODS_ROOT}/Manifest.lock",
			);
			name = "[CP] Check Pods Manifest.lock";
			outputFileListPaths = (
			);
			outputPaths = (
				"$(DERIVED_FILE_DIR)/Pods-Microphone Recording-checkManifestLockResult.txt",
			);
			runOnlyForDeploymentPostprocessing = 0;
			shellPath = /bin/sh;
			shellScript = "diff \"${PODS_PODFILE_DIR_PATH}/Podfile.lock\" \"${PODS_ROOT}/Manifest.lock\" > /dev/null\nif [ $? != 0 ] ; then\n    # print error to STDERR\n    echo \"error: The sandbox is not in sync with the Podfile.lock. Run 'pod install' or update your CocoaPods installation.\" >&2\n    exit 1\nfi\n# This output is used by Xcode 'outputs' to avoid re-running this script phase.\necho \"SUCCESS\" > \"${SCRIPT_OUTPUT_FILE_0}\"\n";
			showEnvVarsInLog = 0;
		};
/* End PBXShellScriptBuildPhase section */

/* Begin PBXSourcesBuildPhase section */
		625B49F3264C9D7C00AAF11F /* Sources */ = {
			isa = PBXSourcesBuildPhase;
			buildActionMask = 2147483647;
			files = (
				625B4A17264CA0A000AAF11F /* Platform.swift in Sources */,
				625B49FF264C9D7C00AAF11F /* ViewController.swift in Sources */,
				625B49FB264C9D7C00AAF11F /* AppDelegate.swift in Sources */,
				625B49FD264C9D7C00AAF11F /* SceneDelegate.swift in Sources */,
				625B4A19264CA1B400AAF11F /* UseCaseProvider.swift in Sources */,
				625B4A05264C9D7C00AAF11F /* Microphone_Recording.xcdatamodeld in Sources */,
			);
			runOnlyForDeploymentPostprocessing = 0;
		};
/* End PBXSourcesBuildPhase section */

/* Begin PBXVariantGroup section */
		625B4A00264C9D7C00AAF11F /* Main.storyboard */ = {
			isa = PBXVariantGroup;
			children = (
				625B4A01264C9D7C00AAF11F /* Base */,
			);
			name = Main.storyboard;
			sourceTree = "<group>";
		};
		625B4A08264C9D7D00AAF11F /* LaunchScreen.storyboard */ = {
			isa = PBXVariantGroup;
			children = (
				625B4A09264C9D7D00AAF11F /* Base */,
			);
			name = LaunchScreen.storyboard;
			sourceTree = "<group>";
		};
/* End PBXVariantGroup section */

/* Begin XCBuildConfiguration section */
		625B4A0C264C9D7D00AAF11F /* Debug */ = {
			isa = XCBuildConfiguration;
			buildSettings = {
				ALWAYS_SEARCH_USER_PATHS = NO;
				CLANG_ANALYZER_NONNULL = YES;
				CLANG_ANALYZER_NUMBER_OBJECT_CONVERSION = YES_AGGRESSIVE;
				CLANG_CXX_LANGUAGE_STANDARD = "gnu++14";
				CLANG_CXX_LIBRARY = "libc++";
				CLANG_ENABLE_MODULES = YES;
				CLANG_ENABLE_OBJC_ARC = YES;
				CLANG_ENABLE_OBJC_WEAK = YES;
				CLANG_WARN_BLOCK_CAPTURE_AUTORELEASING = YES;
				CLANG_WARN_BOOL_CONVERSION = YES;
				CLANG_WARN_COMMA = YES;
				CLANG_WARN_CONSTANT_CONVERSION = YES;
				CLANG_WARN_DEPRECATED_OBJC_IMPLEMENTATIONS = YES;
				CLANG_WARN_DIRECT_OBJC_ISA_USAGE = YES_ERROR;
				CLANG_WARN_DOCUMENTATION_COMMENTS = YES;
				CLANG_WARN_EMPTY_BODY = YES;
				CLANG_WARN_ENUM_CONVERSION = YES;
				CLANG_WARN_INFINITE_RECURSION = YES;
				CLANG_WARN_INT_CONVERSION = YES;
				CLANG_WARN_NON_LITERAL_NULL_CONVERSION = YES;
				CLANG_WARN_OBJC_IMPLICIT_RETAIN_SELF = YES;
				CLANG_WARN_OBJC_LITERAL_CONVERSION = YES;
				CLANG_WARN_OBJC_ROOT_CLASS = YES_ERROR;
				CLANG_WARN_QUOTED_INCLUDE_IN_FRAMEWORK_HEADER = YES;
				CLANG_WARN_RANGE_LOOP_ANALYSIS = YES;
				CLANG_WARN_STRICT_PROTOTYPES = YES;
				CLANG_WARN_SUSPICIOUS_MOVE = YES;
				CLANG_WARN_UNGUARDED_AVAILABILITY = YES_AGGRESSIVE;
				CLANG_WARN_UNREACHABLE_CODE = YES;
				CLANG_WARN__DUPLICATE_METHOD_MATCH = YES;
				COPY_PHASE_STRIP = NO;
				DEBUG_INFORMATION_FORMAT = dwarf;
				ENABLE_STRICT_OBJC_MSGSEND = YES;
				ENABLE_TESTABILITY = YES;
				GCC_C_LANGUAGE_STANDARD = gnu11;
				GCC_DYNAMIC_NO_PIC = NO;
				GCC_NO_COMMON_BLOCKS = YES;
				GCC_OPTIMIZATION_LEVEL = 0;
				GCC_PREPROCESSOR_DEFINITIONS = (
					"DEBUG=1",
					"$(inherited)",
				);
				GCC_WARN_64_TO_32_BIT_CONVERSION = YES;
				GCC_WARN_ABOUT_RETURN_TYPE = YES_ERROR;
				GCC_WARN_UNDECLARED_SELECTOR = YES;
				GCC_WARN_UNINITIALIZED_AUTOS = YES_AGGRESSIVE;
				GCC_WARN_UNUSED_FUNCTION = YES;
				GCC_WARN_UNUSED_VARIABLE = YES;
				IPHONEOS_DEPLOYMENT_TARGET = 14.5;
				MTL_ENABLE_DEBUG_INFO = INCLUDE_SOURCE;
				MTL_FAST_MATH = YES;
				ONLY_ACTIVE_ARCH = YES;
				SDKROOT = iphoneos;
				SWIFT_ACTIVE_COMPILATION_CONDITIONS = DEBUG;
				SWIFT_OPTIMIZATION_LEVEL = "-Onone";
			};
			name = Debug;
		};
		625B4A0D264C9D7D00AAF11F /* Release */ = {
			isa = XCBuildConfiguration;
			buildSettings = {
				ALWAYS_SEARCH_USER_PATHS = NO;
				CLANG_ANALYZER_NONNULL = YES;
				CLANG_ANALYZER_NUMBER_OBJECT_CONVERSION = YES_AGGRESSIVE;
				CLANG_CXX_LANGUAGE_STANDARD = "gnu++14";
				CLANG_CXX_LIBRARY = "libc++";
				CLANG_ENABLE_MODULES = YES;
				CLANG_ENABLE_OBJC_ARC = YES;
				CLANG_ENABLE_OBJC_WEAK = YES;
				CLANG_WARN_BLOCK_CAPTURE_AUTORELEASING = YES;
				CLANG_WARN_BOOL_CONVERSION = YES;
				CLANG_WARN_COMMA = YES;
				CLANG_WARN_CONSTANT_CONVERSION = YES;
				CLANG_WARN_DEPRECATED_OBJC_IMPLEMENTATIONS = YES;
				CLANG_WARN_DIRECT_OBJC_ISA_USAGE = YES_ERROR;
				CLANG_WARN_DOCUMENTATION_COMMENTS = YES;
				CLANG_WARN_EMPTY_BODY = YES;
				CLANG_WARN_ENUM_CONVERSION = YES;
				CLANG_WARN_INFINITE_RECURSION = YES;
				CLANG_WARN_INT_CONVERSION = YES;
				CLANG_WARN_NON_LITERAL_NULL_CONVERSION = YES;
				CLANG_WARN_OBJC_IMPLICIT_RETAIN_SELF = YES;
				CLANG_WARN_OBJC_LITERAL_CONVERSION = YES;
				CLANG_WARN_OBJC_ROOT_CLASS = YES_ERROR;
				CLANG_WARN_QUOTED_INCLUDE_IN_FRAMEWORK_HEADER = YES;
				CLANG_WARN_RANGE_LOOP_ANALYSIS = YES;
				CLANG_WARN_STRICT_PROTOTYPES = YES;
				CLANG_WARN_SUSPICIOUS_MOVE = YES;
				CLANG_WARN_UNGUARDED_AVAILABILITY = YES_AGGRESSIVE;
				CLANG_WARN_UNREACHABLE_CODE = YES;
				CLANG_WARN__DUPLICATE_METHOD_MATCH = YES;
				COPY_PHASE_STRIP = NO;
				DEBUG_INFORMATION_FORMAT = "dwarf-with-dsym";
				ENABLE_NS_ASSERTIONS = NO;
				ENABLE_STRICT_OBJC_MSGSEND = YES;
				GCC_C_LANGUAGE_STANDARD = gnu11;
				GCC_NO_COMMON_BLOCKS = YES;
				GCC_WARN_64_TO_32_BIT_CONVERSION = YES;
				GCC_WARN_ABOUT_RETURN_TYPE = YES_ERROR;
				GCC_WARN_UNDECLARED_SELECTOR = YES;
				GCC_WARN_UNINITIALIZED_AUTOS = YES_AGGRESSIVE;
				GCC_WARN_UNUSED_FUNCTION = YES;
				GCC_WARN_UNUSED_VARIABLE = YES;
				IPHONEOS_DEPLOYMENT_TARGET = 14.5;
				MTL_ENABLE_DEBUG_INFO = NO;
				MTL_FAST_MATH = YES;
				SDKROOT = iphoneos;
				SWIFT_COMPILATION_MODE = wholemodule;
				SWIFT_OPTIMIZATION_LEVEL = "-O";
				VALIDATE_PRODUCT = YES;
			};
			name = Release;
		};
		625B4A0F264C9D7D00AAF11F /* Debug */ = {
			isa = XCBuildConfiguration;
			baseConfigurationReference = E1C668836C0D85807428514F /* Pods-Microphone Recording.debug.xcconfig */;
			buildSettings = {
				ASSETCATALOG_COMPILER_APPICON_NAME = AppIcon;
				ASSETCATALOG_COMPILER_GLOBAL_ACCENT_COLOR_NAME = AccentColor;
				CODE_SIGN_STYLE = Automatic;
				DEVELOPMENT_TEAM = W6RMDF3HTL;
				INFOPLIST_FILE = "$(SRCROOT)/Microphone Recording/Application/Supporting Files/Info.plist";
				LD_RUNPATH_SEARCH_PATHS = (
					"$(inherited)",
					"@executable_path/Frameworks",
				);
				PRODUCT_BUNDLE_IDENTIFIER = "com.chersky.Microphone-Recording";
				PRODUCT_NAME = "$(TARGET_NAME)";
				SWIFT_VERSION = 5.0;
				TARGETED_DEVICE_FAMILY = 1;
			};
			name = Debug;
		};
		625B4A10264C9D7D00AAF11F /* Release */ = {
			isa = XCBuildConfiguration;
			baseConfigurationReference = 131A964C682B25F37CC969D8 /* Pods-Microphone Recording.release.xcconfig */;
			buildSettings = {
				ASSETCATALOG_COMPILER_APPICON_NAME = AppIcon;
				ASSETCATALOG_COMPILER_GLOBAL_ACCENT_COLOR_NAME = AccentColor;
				CODE_SIGN_STYLE = Automatic;
				DEVELOPMENT_TEAM = W6RMDF3HTL;
				INFOPLIST_FILE = "$(SRCROOT)/Microphone Recording/Application/Supporting Files/Info.plist";
				LD_RUNPATH_SEARCH_PATHS = (
					"$(inherited)",
					"@executable_path/Frameworks",
				);
				PRODUCT_BUNDLE_IDENTIFIER = "com.chersky.Microphone-Recording";
				PRODUCT_NAME = "$(TARGET_NAME)";
				SWIFT_VERSION = 5.0;
				TARGETED_DEVICE_FAMILY = 1;
			};
			name = Release;
		};
/* End XCBuildConfiguration section */

/* Begin XCConfigurationList section */
		625B49F2264C9D7C00AAF11F /* Build configuration list for PBXProject "Microphone Recording" */ = {
			isa = XCConfigurationList;
			buildConfigurations = (
				625B4A0C264C9D7D00AAF11F /* Debug */,
				625B4A0D264C9D7D00AAF11F /* Release */,
			);
			defaultConfigurationIsVisible = 0;
			defaultConfigurationName = Release;
		};
		625B4A0E264C9D7D00AAF11F /* Build configuration list for PBXNativeTarget "Microphone Recording" */ = {
			isa = XCConfigurationList;
			buildConfigurations = (
				625B4A0F264C9D7D00AAF11F /* Debug */,
				625B4A10264C9D7D00AAF11F /* Release */,
			);
			defaultConfigurationIsVisible = 0;
			defaultConfigurationName = Release;
		};
/* End XCConfigurationList section */

/* Begin XCVersionGroup section */
		625B4A03264C9D7C00AAF11F /* Microphone_Recording.xcdatamodeld */ = {
			isa = XCVersionGroup;
			children = (
				625B4A04264C9D7C00AAF11F /* Microphone_Recording.xcdatamodel */,
			);
			currentVersion = 625B4A04264C9D7C00AAF11F /* Microphone_Recording.xcdatamodel */;
			path = Microphone_Recording.xcdatamodeld;
			sourceTree = "<group>";
			versionGroupType = wrapper.xcdatamodel;
		};
/* End XCVersionGroup section */
	};
	rootObject = 625B49EF264C9D7C00AAF11F /* Project object */;
}
