// !$*UTF8*$!
{
	archiveVersion = 1;
	classes = {
	};
	objectVersion = 51;
	objects = {

/* Begin PBXBuildFile section */
		6225A914264D1D1E001751BE /* AudioFileTableViewCell.swift in Sources */ = {isa = PBXBuildFile; fileRef = 6225A913264D1D1E001751BE /* AudioFileTableViewCell.swift */; };
		6225A917264D1DCC001751BE /* AudioFileCellViewModel.swift in Sources */ = {isa = PBXBuildFile; fileRef = 6225A916264D1DCC001751BE /* AudioFileCellViewModel.swift */; };
		6225A91B264D1FE9001751BE /* TableViewSectionViewModel.swift in Sources */ = {isa = PBXBuildFile; fileRef = 6225A919264D1FE9001751BE /* TableViewSectionViewModel.swift */; };
		6225A91C264D1FE9001751BE /* TableViewDataSource.swift in Sources */ = {isa = PBXBuildFile; fileRef = 6225A91A264D1FE9001751BE /* TableViewDataSource.swift */; };
		6225A91F264D20E6001751BE /* SectionedDataSource.swift in Sources */ = {isa = PBXBuildFile; fileRef = 6225A91E264D20E6001751BE /* SectionedDataSource.swift */; };
		625B49FB264C9D7C00AAF11F /* AppDelegate.swift in Sources */ = {isa = PBXBuildFile; fileRef = 625B49FA264C9D7C00AAF11F /* AppDelegate.swift */; };
		625B49FD264C9D7C00AAF11F /* SceneDelegate.swift in Sources */ = {isa = PBXBuildFile; fileRef = 625B49FC264C9D7C00AAF11F /* SceneDelegate.swift */; };
		625B49FF264C9D7C00AAF11F /* ViewController.swift in Sources */ = {isa = PBXBuildFile; fileRef = 625B49FE264C9D7C00AAF11F /* ViewController.swift */; };
		625B4A02264C9D7C00AAF11F /* Main.storyboard in Resources */ = {isa = PBXBuildFile; fileRef = 625B4A00264C9D7C00AAF11F /* Main.storyboard */; };
		625B4A05264C9D7C00AAF11F /* Microphone_Recording.xcdatamodeld in Sources */ = {isa = PBXBuildFile; fileRef = 625B4A03264C9D7C00AAF11F /* Microphone_Recording.xcdatamodeld */; };
		625B4A07264C9D7D00AAF11F /* Assets.xcassets in Resources */ = {isa = PBXBuildFile; fileRef = 625B4A06264C9D7D00AAF11F /* Assets.xcassets */; };
		625B4A0A264C9D7D00AAF11F /* LaunchScreen.storyboard in Resources */ = {isa = PBXBuildFile; fileRef = 625B4A08264C9D7D00AAF11F /* LaunchScreen.storyboard */; };
		625B4A17264CA0A000AAF11F /* Platform.swift in Sources */ = {isa = PBXBuildFile; fileRef = 625B4A16264CA0A000AAF11F /* Platform.swift */; };
		625B4A19264CA1B400AAF11F /* UseCaseProvider.swift in Sources */ = {isa = PBXBuildFile; fileRef = 625B4A18264CA1B400AAF11F /* UseCaseProvider.swift */; };
		625B4A97264CA61A00AAF11F /* UIScrollView+adjustInsetsOnKeyboardNotification.swift in Sources */ = {isa = PBXBuildFile; fileRef = 625B4A6F264CA61A00AAF11F /* UIScrollView+adjustInsetsOnKeyboardNotification.swift */; };
		625B4A98264CA61A00AAF11F /* UIImage+imageWithColor.swift in Sources */ = {isa = PBXBuildFile; fileRef = 625B4A71264CA61A00AAF11F /* UIImage+imageWithColor.swift */; };
		625B4A9A264CA61A00AAF11F /* UIView+borderColor.swift in Sources */ = {isa = PBXBuildFile; fileRef = 625B4A74264CA61A00AAF11F /* UIView+borderColor.swift */; };
		625B4A9B264CA61A00AAF11F /* UIView+addViewEndEditingOnTouch.swift in Sources */ = {isa = PBXBuildFile; fileRef = 625B4A75264CA61A00AAF11F /* UIView+addViewEndEditingOnTouch.swift */; };
		625B4A9C264CA61A00AAF11F /* Bundle+loadViewFromNibNamed.swift in Sources */ = {isa = PBXBuildFile; fileRef = 625B4A76264CA61A00AAF11F /* Bundle+loadViewFromNibNamed.swift */; };
		625B4A9D264CA61A00AAF11F /* UICollectionView+dequeueReusable.swift in Sources */ = {isa = PBXBuildFile; fileRef = 625B4A78264CA61A00AAF11F /* UICollectionView+dequeueReusable.swift */; };
		625B4A9E264CA61A00AAF11F /* UICollectionView+SupplementarySectionViewKind.swift in Sources */ = {isa = PBXBuildFile; fileRef = 625B4A79264CA61A00AAF11F /* UICollectionView+SupplementarySectionViewKind.swift */; };
		625B4A9F264CA61A00AAF11F /* UICollectionView+registerNibWithType.swift in Sources */ = {isa = PBXBuildFile; fileRef = 625B4A7A264CA61A00AAF11F /* UICollectionView+registerNibWithType.swift */; };
		625B4AA0264CA61A00AAF11F /* UITableView+dequeueReusable.swift in Sources */ = {isa = PBXBuildFile; fileRef = 625B4A7C264CA61A00AAF11F /* UITableView+dequeueReusable.swift */; };
		625B4AA1264CA61A00AAF11F /* UITableView+registerNibWithType.swift in Sources */ = {isa = PBXBuildFile; fileRef = 625B4A7D264CA61A00AAF11F /* UITableView+registerNibWithType.swift */; };
		625B4AA3264CA61A00AAF11F /* Array+removing.swift in Sources */ = {isa = PBXBuildFile; fileRef = 625B4A81264CA61A00AAF11F /* Array+removing.swift */; };
		625B4AA4264CA61A00AAF11F /* Array+safeSubscript.swift in Sources */ = {isa = PBXBuildFile; fileRef = 625B4A82264CA61A00AAF11F /* Array+safeSubscript.swift */; };
		625B4AA5264CA61A00AAF11F /* DispatchTimeInterval+timeInterval.swift in Sources */ = {isa = PBXBuildFile; fileRef = 625B4A83264CA61A00AAF11F /* DispatchTimeInterval+timeInterval.swift */; };
		625B4AA6264CA61A00AAF11F /* NSObject+assosiations.swift in Sources */ = {isa = PBXBuildFile; fileRef = 625B4A85264CA61A00AAF11F /* NSObject+assosiations.swift */; };
		625B4AA7264CA61A00AAF11F /* SignalProducer+Unwrap.swift in Sources */ = {isa = PBXBuildFile; fileRef = 625B4A87264CA61A00AAF11F /* SignalProducer+Unwrap.swift */; };
		625B4AA8264CA61A00AAF11F /* ReactiveSwift+Skip.swift in Sources */ = {isa = PBXBuildFile; fileRef = 625B4A88264CA61A00AAF11F /* ReactiveSwift+Skip.swift */; };
		625B4AA9264CA61A00AAF11F /* Reactive+UICollectionView.swift in Sources */ = {isa = PBXBuildFile; fileRef = 625B4A89264CA61A00AAF11F /* Reactive+UICollectionView.swift */; };
		625B4AAA264CA61A00AAF11F /* Action+executingEmpty.swift in Sources */ = {isa = PBXBuildFile; fileRef = 625B4A8A264CA61A00AAF11F /* Action+executingEmpty.swift */; };
		625B4AAB264CA61A00AAF11F /* SignalProducer+Timer.swift in Sources */ = {isa = PBXBuildFile; fileRef = 625B4A8B264CA61A00AAF11F /* SignalProducer+Timer.swift */; };
		625B4AAC264CA61A00AAF11F /* Reactive+UINavigationBar.swift in Sources */ = {isa = PBXBuildFile; fileRef = 625B4A8C264CA61A00AAF11F /* Reactive+UINavigationBar.swift */; };
		625B4AAD264CA61A00AAF11F /* ReactiveSwift+DebugLog.swift in Sources */ = {isa = PBXBuildFile; fileRef = 625B4A8D264CA61A00AAF11F /* ReactiveSwift+DebugLog.swift */; };
		625B4AAE264CA61A00AAF11F /* Reactive+UITableView.swift in Sources */ = {isa = PBXBuildFile; fileRef = 625B4A8E264CA61A00AAF11F /* Reactive+UITableView.swift */; };
		625B4AAF264CA61A00AAF11F /* Action+enabledIf.swift in Sources */ = {isa = PBXBuildFile; fileRef = 625B4A8F264CA61A00AAF11F /* Action+enabledIf.swift */; };
		625B4AB0264CA61A00AAF11F /* FloatingPoint+Angles.swift in Sources */ = {isa = PBXBuildFile; fileRef = 625B4A91264CA61A00AAF11F /* FloatingPoint+Angles.swift */; };
		625B4AB1264CA61A00AAF11F /* Optional+Emptyable.swift in Sources */ = {isa = PBXBuildFile; fileRef = 625B4A92264CA61A00AAF11F /* Optional+Emptyable.swift */; };
		625B4AB2264CA61A00AAF11F /* String+Amount.swift in Sources */ = {isa = PBXBuildFile; fileRef = 625B4A93264CA61A00AAF11F /* String+Amount.swift */; };
		625B4AB3264CA61A00AAF11F /* String+RegularExpressions.swift in Sources */ = {isa = PBXBuildFile; fileRef = 625B4A94264CA61A00AAF11F /* String+RegularExpressions.swift */; };
		625B4AB4264CA61A00AAF11F /* Numerics.swift in Sources */ = {isa = PBXBuildFile; fileRef = 625B4A95264CA61A00AAF11F /* Numerics.swift */; };
		625B4ABD264CA67200AAF11F /* ViewModel.swift in Sources */ = {isa = PBXBuildFile; fileRef = 625B4AB9264CA67200AAF11F /* ViewModel.swift */; };
		625B4ABE264CA67200AAF11F /* ViewModelContainer.swift in Sources */ = {isa = PBXBuildFile; fileRef = 625B4ABA264CA67200AAF11F /* ViewModelContainer.swift */; };
		625B4ABF264CA67200AAF11F /* ReusableViewModelContainer.swift in Sources */ = {isa = PBXBuildFile; fileRef = 625B4ABB264CA67200AAF11F /* ReusableViewModelContainer.swift */; };
		625B4AC2264CA76B00AAF11F /* AudioRecordingUseCase.swift in Sources */ = {isa = PBXBuildFile; fileRef = 625B4AC1264CA76B00AAF11F /* AudioRecordingUseCase.swift */; };
		625B4AC4264CA78F00AAF11F /* AudioListUseCase.swift in Sources */ = {isa = PBXBuildFile; fileRef = 625B4AC3264CA78F00AAF11F /* AudioListUseCase.swift */; };
		625B4AC8264CA8DB00AAF11F /* MediaFile.swift in Sources */ = {isa = PBXBuildFile; fileRef = 625B4AC7264CA8DB00AAF11F /* MediaFile.swift */; };
		625B4ACA264CA96800AAF11F /* RecordingService.swift in Sources */ = {isa = PBXBuildFile; fileRef = 625B4AC9264CA96800AAF11F /* RecordingService.swift */; };
		625B4ACC264CA9C300AAF11F /* StorageService.swift in Sources */ = {isa = PBXBuildFile; fileRef = 625B4ACB264CA9C300AAF11F /* StorageService.swift */; };
		625B4AD0264CB2D200AAF11F /* InterfaceViewModel.swift in Sources */ = {isa = PBXBuildFile; fileRef = 625B4ACF264CB2D200AAF11F /* InterfaceViewModel.swift */; };
		625B4AD8264CB38300AAF11F /* ActionButton.swift in Sources */ = {isa = PBXBuildFile; fileRef = 625B4AD5264CB38300AAF11F /* ActionButton.swift */; };
		625B4ADA264CB6CD00AAF11F /* ApplicationCoordinator.swift in Sources */ = {isa = PBXBuildFile; fileRef = 625B4AD9264CB6CD00AAF11F /* ApplicationCoordinator.swift */; };
		625B4ADD264CCB7800AAF11F /* MediaRepository.swift in Sources */ = {isa = PBXBuildFile; fileRef = 625B4ADC264CCB7800AAF11F /* MediaRepository.swift */; };
		E315C9BF9D61273824703637 /* Pods_Microphone_Recording.framework in Frameworks */ = {isa = PBXBuildFile; fileRef = F7408728D1A09E96E332C392 /* Pods_Microphone_Recording.framework */; };
/* End PBXBuildFile section */

/* Begin PBXFileReference section */
		131A964C682B25F37CC969D8 /* Pods-Microphone Recording.release.xcconfig */ = {isa = PBXFileReference; includeInIndex = 1; lastKnownFileType = text.xcconfig; name = "Pods-Microphone Recording.release.xcconfig"; path = "Target Support Files/Pods-Microphone Recording/Pods-Microphone Recording.release.xcconfig"; sourceTree = "<group>"; };
		6225A913264D1D1E001751BE /* AudioFileTableViewCell.swift */ = {isa = PBXFileReference; lastKnownFileType = sourcecode.swift; path = AudioFileTableViewCell.swift; sourceTree = "<group>"; };
		6225A916264D1DCC001751BE /* AudioFileCellViewModel.swift */ = {isa = PBXFileReference; lastKnownFileType = sourcecode.swift; path = AudioFileCellViewModel.swift; sourceTree = "<group>"; };
		6225A919264D1FE9001751BE /* TableViewSectionViewModel.swift */ = {isa = PBXFileReference; fileEncoding = 4; lastKnownFileType = sourcecode.swift; path = TableViewSectionViewModel.swift; sourceTree = "<group>"; };
		6225A91A264D1FE9001751BE /* TableViewDataSource.swift */ = {isa = PBXFileReference; fileEncoding = 4; lastKnownFileType = sourcecode.swift; path = TableViewDataSource.swift; sourceTree = "<group>"; };
		6225A91E264D20E6001751BE /* SectionedDataSource.swift */ = {isa = PBXFileReference; fileEncoding = 4; lastKnownFileType = sourcecode.swift; path = SectionedDataSource.swift; sourceTree = "<group>"; };
		625B49F7264C9D7C00AAF11F /* Microphone Recording.app */ = {isa = PBXFileReference; explicitFileType = wrapper.application; includeInIndex = 0; path = "Microphone Recording.app"; sourceTree = BUILT_PRODUCTS_DIR; };
		625B49FA264C9D7C00AAF11F /* AppDelegate.swift */ = {isa = PBXFileReference; lastKnownFileType = sourcecode.swift; path = AppDelegate.swift; sourceTree = "<group>"; };
		625B49FC264C9D7C00AAF11F /* SceneDelegate.swift */ = {isa = PBXFileReference; lastKnownFileType = sourcecode.swift; path = SceneDelegate.swift; sourceTree = "<group>"; };
		625B49FE264C9D7C00AAF11F /* ViewController.swift */ = {isa = PBXFileReference; lastKnownFileType = sourcecode.swift; path = ViewController.swift; sourceTree = "<group>"; };
		625B4A01264C9D7C00AAF11F /* Base */ = {isa = PBXFileReference; lastKnownFileType = file.storyboard; name = Base; path = Base.lproj/Main.storyboard; sourceTree = "<group>"; };
		625B4A04264C9D7C00AAF11F /* Microphone_Recording.xcdatamodel */ = {isa = PBXFileReference; lastKnownFileType = wrapper.xcdatamodel; path = Microphone_Recording.xcdatamodel; sourceTree = "<group>"; };
		625B4A06264C9D7D00AAF11F /* Assets.xcassets */ = {isa = PBXFileReference; lastKnownFileType = folder.assetcatalog; path = Assets.xcassets; sourceTree = "<group>"; };
		625B4A09264C9D7D00AAF11F /* Base */ = {isa = PBXFileReference; lastKnownFileType = file.storyboard; name = Base; path = Base.lproj/LaunchScreen.storyboard; sourceTree = "<group>"; };
		625B4A0B264C9D7D00AAF11F /* Info.plist */ = {isa = PBXFileReference; lastKnownFileType = text.plist.xml; path = Info.plist; sourceTree = "<group>"; };
		625B4A16264CA0A000AAF11F /* Platform.swift */ = {isa = PBXFileReference; lastKnownFileType = sourcecode.swift; path = Platform.swift; sourceTree = "<group>"; };
		625B4A18264CA1B400AAF11F /* UseCaseProvider.swift */ = {isa = PBXFileReference; lastKnownFileType = sourcecode.swift; path = UseCaseProvider.swift; sourceTree = "<group>"; };
		625B4A6F264CA61A00AAF11F /* UIScrollView+adjustInsetsOnKeyboardNotification.swift */ = {isa = PBXFileReference; fileEncoding = 4; lastKnownFileType = sourcecode.swift; path = "UIScrollView+adjustInsetsOnKeyboardNotification.swift"; sourceTree = "<group>"; };
		625B4A71264CA61A00AAF11F /* UIImage+imageWithColor.swift */ = {isa = PBXFileReference; fileEncoding = 4; lastKnownFileType = sourcecode.swift; path = "UIImage+imageWithColor.swift"; sourceTree = "<group>"; };
		625B4A74264CA61A00AAF11F /* UIView+borderColor.swift */ = {isa = PBXFileReference; fileEncoding = 4; lastKnownFileType = sourcecode.swift; path = "UIView+borderColor.swift"; sourceTree = "<group>"; };
		625B4A75264CA61A00AAF11F /* UIView+addViewEndEditingOnTouch.swift */ = {isa = PBXFileReference; fileEncoding = 4; lastKnownFileType = sourcecode.swift; path = "UIView+addViewEndEditingOnTouch.swift"; sourceTree = "<group>"; };
		625B4A76264CA61A00AAF11F /* Bundle+loadViewFromNibNamed.swift */ = {isa = PBXFileReference; fileEncoding = 4; lastKnownFileType = sourcecode.swift; path = "Bundle+loadViewFromNibNamed.swift"; sourceTree = "<group>"; };
		625B4A78264CA61A00AAF11F /* UICollectionView+dequeueReusable.swift */ = {isa = PBXFileReference; fileEncoding = 4; lastKnownFileType = sourcecode.swift; path = "UICollectionView+dequeueReusable.swift"; sourceTree = "<group>"; };
		625B4A79264CA61A00AAF11F /* UICollectionView+SupplementarySectionViewKind.swift */ = {isa = PBXFileReference; fileEncoding = 4; lastKnownFileType = sourcecode.swift; path = "UICollectionView+SupplementarySectionViewKind.swift"; sourceTree = "<group>"; };
		625B4A7A264CA61A00AAF11F /* UICollectionView+registerNibWithType.swift */ = {isa = PBXFileReference; fileEncoding = 4; lastKnownFileType = sourcecode.swift; path = "UICollectionView+registerNibWithType.swift"; sourceTree = "<group>"; };
		625B4A7C264CA61A00AAF11F /* UITableView+dequeueReusable.swift */ = {isa = PBXFileReference; fileEncoding = 4; lastKnownFileType = sourcecode.swift; path = "UITableView+dequeueReusable.swift"; sourceTree = "<group>"; };
		625B4A7D264CA61A00AAF11F /* UITableView+registerNibWithType.swift */ = {isa = PBXFileReference; fileEncoding = 4; lastKnownFileType = sourcecode.swift; path = "UITableView+registerNibWithType.swift"; sourceTree = "<group>"; };
		625B4A81264CA61A00AAF11F /* Array+removing.swift */ = {isa = PBXFileReference; fileEncoding = 4; lastKnownFileType = sourcecode.swift; path = "Array+removing.swift"; sourceTree = "<group>"; };
		625B4A82264CA61A00AAF11F /* Array+safeSubscript.swift */ = {isa = PBXFileReference; fileEncoding = 4; lastKnownFileType = sourcecode.swift; path = "Array+safeSubscript.swift"; sourceTree = "<group>"; };
		625B4A83264CA61A00AAF11F /* DispatchTimeInterval+timeInterval.swift */ = {isa = PBXFileReference; fileEncoding = 4; lastKnownFileType = sourcecode.swift; path = "DispatchTimeInterval+timeInterval.swift"; sourceTree = "<group>"; };
		625B4A85264CA61A00AAF11F /* NSObject+assosiations.swift */ = {isa = PBXFileReference; fileEncoding = 4; lastKnownFileType = sourcecode.swift; path = "NSObject+assosiations.swift"; sourceTree = "<group>"; };
		625B4A87264CA61A00AAF11F /* SignalProducer+Unwrap.swift */ = {isa = PBXFileReference; fileEncoding = 4; lastKnownFileType = sourcecode.swift; path = "SignalProducer+Unwrap.swift"; sourceTree = "<group>"; };
		625B4A88264CA61A00AAF11F /* ReactiveSwift+Skip.swift */ = {isa = PBXFileReference; fileEncoding = 4; lastKnownFileType = sourcecode.swift; path = "ReactiveSwift+Skip.swift"; sourceTree = "<group>"; };
		625B4A89264CA61A00AAF11F /* Reactive+UICollectionView.swift */ = {isa = PBXFileReference; fileEncoding = 4; lastKnownFileType = sourcecode.swift; path = "Reactive+UICollectionView.swift"; sourceTree = "<group>"; };
		625B4A8A264CA61A00AAF11F /* Action+executingEmpty.swift */ = {isa = PBXFileReference; fileEncoding = 4; lastKnownFileType = sourcecode.swift; path = "Action+executingEmpty.swift"; sourceTree = "<group>"; };
		625B4A8B264CA61A00AAF11F /* SignalProducer+Timer.swift */ = {isa = PBXFileReference; fileEncoding = 4; lastKnownFileType = sourcecode.swift; path = "SignalProducer+Timer.swift"; sourceTree = "<group>"; };
		625B4A8C264CA61A00AAF11F /* Reactive+UINavigationBar.swift */ = {isa = PBXFileReference; fileEncoding = 4; lastKnownFileType = sourcecode.swift; path = "Reactive+UINavigationBar.swift"; sourceTree = "<group>"; };
		625B4A8D264CA61A00AAF11F /* ReactiveSwift+DebugLog.swift */ = {isa = PBXFileReference; fileEncoding = 4; lastKnownFileType = sourcecode.swift; path = "ReactiveSwift+DebugLog.swift"; sourceTree = "<group>"; };
		625B4A8E264CA61A00AAF11F /* Reactive+UITableView.swift */ = {isa = PBXFileReference; fileEncoding = 4; lastKnownFileType = sourcecode.swift; path = "Reactive+UITableView.swift"; sourceTree = "<group>"; };
		625B4A8F264CA61A00AAF11F /* Action+enabledIf.swift */ = {isa = PBXFileReference; fileEncoding = 4; lastKnownFileType = sourcecode.swift; path = "Action+enabledIf.swift"; sourceTree = "<group>"; };
		625B4A91264CA61A00AAF11F /* FloatingPoint+Angles.swift */ = {isa = PBXFileReference; fileEncoding = 4; lastKnownFileType = sourcecode.swift; path = "FloatingPoint+Angles.swift"; sourceTree = "<group>"; };
		625B4A92264CA61A00AAF11F /* Optional+Emptyable.swift */ = {isa = PBXFileReference; fileEncoding = 4; lastKnownFileType = sourcecode.swift; path = "Optional+Emptyable.swift"; sourceTree = "<group>"; };
		625B4A93264CA61A00AAF11F /* String+Amount.swift */ = {isa = PBXFileReference; fileEncoding = 4; lastKnownFileType = sourcecode.swift; path = "String+Amount.swift"; sourceTree = "<group>"; };
		625B4A94264CA61A00AAF11F /* String+RegularExpressions.swift */ = {isa = PBXFileReference; fileEncoding = 4; lastKnownFileType = sourcecode.swift; path = "String+RegularExpressions.swift"; sourceTree = "<group>"; };
		625B4A95264CA61A00AAF11F /* Numerics.swift */ = {isa = PBXFileReference; fileEncoding = 4; lastKnownFileType = sourcecode.swift; path = Numerics.swift; sourceTree = "<group>"; };
		625B4AB9264CA67200AAF11F /* ViewModel.swift */ = {isa = PBXFileReference; fileEncoding = 4; lastKnownFileType = sourcecode.swift; path = ViewModel.swift; sourceTree = "<group>"; };
		625B4ABA264CA67200AAF11F /* ViewModelContainer.swift */ = {isa = PBXFileReference; fileEncoding = 4; lastKnownFileType = sourcecode.swift; path = ViewModelContainer.swift; sourceTree = "<group>"; };
		625B4ABB264CA67200AAF11F /* ReusableViewModelContainer.swift */ = {isa = PBXFileReference; fileEncoding = 4; lastKnownFileType = sourcecode.swift; path = ReusableViewModelContainer.swift; sourceTree = "<group>"; };
		625B4AC1264CA76B00AAF11F /* AudioRecordingUseCase.swift */ = {isa = PBXFileReference; lastKnownFileType = sourcecode.swift; path = AudioRecordingUseCase.swift; sourceTree = "<group>"; };
		625B4AC3264CA78F00AAF11F /* AudioListUseCase.swift */ = {isa = PBXFileReference; lastKnownFileType = sourcecode.swift; path = AudioListUseCase.swift; sourceTree = "<group>"; };
		625B4AC7264CA8DB00AAF11F /* MediaFile.swift */ = {isa = PBXFileReference; lastKnownFileType = sourcecode.swift; path = MediaFile.swift; sourceTree = "<group>"; };
		625B4AC9264CA96800AAF11F /* RecordingService.swift */ = {isa = PBXFileReference; lastKnownFileType = sourcecode.swift; path = RecordingService.swift; sourceTree = "<group>"; };
		625B4ACB264CA9C300AAF11F /* StorageService.swift */ = {isa = PBXFileReference; lastKnownFileType = sourcecode.swift; path = StorageService.swift; sourceTree = "<group>"; };
		625B4ACF264CB2D200AAF11F /* InterfaceViewModel.swift */ = {isa = PBXFileReference; lastKnownFileType = sourcecode.swift; path = InterfaceViewModel.swift; sourceTree = "<group>"; };
		625B4AD5264CB38300AAF11F /* ActionButton.swift */ = {isa = PBXFileReference; fileEncoding = 4; lastKnownFileType = sourcecode.swift; path = ActionButton.swift; sourceTree = "<group>"; };
		625B4AD9264CB6CD00AAF11F /* ApplicationCoordinator.swift */ = {isa = PBXFileReference; lastKnownFileType = sourcecode.swift; path = ApplicationCoordinator.swift; sourceTree = "<group>"; };
		625B4ADC264CCB7800AAF11F /* MediaRepository.swift */ = {isa = PBXFileReference; lastKnownFileType = sourcecode.swift; path = MediaRepository.swift; sourceTree = "<group>"; };
		625B4ADE264CF81D00AAF11F /* Microphone Recording.entitlements */ = {isa = PBXFileReference; lastKnownFileType = text.plist.entitlements; path = "Microphone Recording.entitlements"; sourceTree = "<group>"; };
		E1C668836C0D85807428514F /* Pods-Microphone Recording.debug.xcconfig */ = {isa = PBXFileReference; includeInIndex = 1; lastKnownFileType = text.xcconfig; name = "Pods-Microphone Recording.debug.xcconfig"; path = "Target Support Files/Pods-Microphone Recording/Pods-Microphone Recording.debug.xcconfig"; sourceTree = "<group>"; };
		F7408728D1A09E96E332C392 /* Pods_Microphone_Recording.framework */ = {isa = PBXFileReference; explicitFileType = wrapper.framework; includeInIndex = 0; path = Pods_Microphone_Recording.framework; sourceTree = BUILT_PRODUCTS_DIR; };
/* End PBXFileReference section */

/* Begin PBXFrameworksBuildPhase section */
		625B49F4264C9D7C00AAF11F /* Frameworks */ = {
			isa = PBXFrameworksBuildPhase;
			buildActionMask = 2147483647;
			files = (
				E315C9BF9D61273824703637 /* Pods_Microphone_Recording.framework in Frameworks */,
			);
			runOnlyForDeploymentPostprocessing = 0;
		};
/* End PBXFrameworksBuildPhase section */

/* Begin PBXGroup section */
		4F840CB12983A997266D5671 /* Frameworks */ = {
			isa = PBXGroup;
			children = (
				F7408728D1A09E96E332C392 /* Pods_Microphone_Recording.framework */,
			);
			name = Frameworks;
			sourceTree = "<group>";
		};
		6225A915264D1DB4001751BE /* AudioFileTableViewCell */ = {
			isa = PBXGroup;
			children = (
				6225A913264D1D1E001751BE /* AudioFileTableViewCell.swift */,
				6225A916264D1DCC001751BE /* AudioFileCellViewModel.swift */,
			);
			path = AudioFileTableViewCell;
			sourceTree = "<group>";
		};
		6225A918264D1FE9001751BE /* TableView */ = {
			isa = PBXGroup;
			children = (
				6225A919264D1FE9001751BE /* TableViewSectionViewModel.swift */,
				6225A91A264D1FE9001751BE /* TableViewDataSource.swift */,
			);
			path = TableView;
			sourceTree = "<group>";
		};
		6225A91D264D20CC001751BE /* TableView */ = {
			isa = PBXGroup;
			children = (
				6225A91E264D20E6001751BE /* SectionedDataSource.swift */,
			);
			path = TableView;
			sourceTree = "<group>";
		};
		625B49EE264C9D7C00AAF11F = {
			isa = PBXGroup;
			children = (
				625B49F9264C9D7C00AAF11F /* Microphone Recording */,
				625B49F8264C9D7C00AAF11F /* Products */,
				DC5F6DB6D72E78013D0C22BD /* Pods */,
				4F840CB12983A997266D5671 /* Frameworks */,
			);
			sourceTree = "<group>";
		};
		625B49F8264C9D7C00AAF11F /* Products */ = {
			isa = PBXGroup;
			children = (
				625B49F7264C9D7C00AAF11F /* Microphone Recording.app */,
			);
			name = Products;
			sourceTree = "<group>";
		};
		625B49F9264C9D7C00AAF11F /* Microphone Recording */ = {
			isa = PBXGroup;
			children = (
				625B4ADE264CF81D00AAF11F /* Microphone Recording.entitlements */,
				625B4AB5264CA62500AAF11F /* Protocols */,
				625B4A6A264CA61A00AAF11F /* Extensions */,
				625B4A15264C9E0600AAF11F /* Domain */,
				625B4A14264C9DFF00AAF11F /* Application */,
				625B4A13264C9DF500AAF11F /* Platform */,
			);
			path = "Microphone Recording";
			sourceTree = "<group>";
		};
		625B4A13264C9DF500AAF11F /* Platform */ = {
			isa = PBXGroup;
			children = (
				625B4ADB264CCB6A00AAF11F /* Persistance */,
				625B4AC5264CA81200AAF11F /* Services */,
				625B4A16264CA0A000AAF11F /* Platform.swift */,
			);
			path = Platform;
			sourceTree = "<group>";
		};
		625B4A14264C9DFF00AAF11F /* Application */ = {
			isa = PBXGroup;
			children = (
				625B49FA264C9D7C00AAF11F /* AppDelegate.swift */,
				625B49FC264C9D7C00AAF11F /* SceneDelegate.swift */,
				625B4AD1264CB36800AAF11F /* Components */,
				625B4A1A264CA3A000AAF11F /* Bundle */,
				625B4A1E264CA42E00AAF11F /* Modules */,
				625B4A1C264CA3E100AAF11F /* Supporting Files */,
			);
			path = Application;
			sourceTree = "<group>";
		};
		625B4A15264C9E0600AAF11F /* Domain */ = {
			isa = PBXGroup;
			children = (
				625B4AC6264CA8CC00AAF11F /* Models */,
				625B4AC0264CA75400AAF11F /* UseCases */,
				625B4A18264CA1B400AAF11F /* UseCaseProvider.swift */,
			);
			path = Domain;
			sourceTree = "<group>";
		};
		625B4A1A264CA3A000AAF11F /* Bundle */ = {
			isa = PBXGroup;
			children = (
				625B4A1D264CA40600AAF11F /* Persistance */,
				625B4A1B264CA3D200AAF11F /* Storyboards */,
				625B4A06264C9D7D00AAF11F /* Assets.xcassets */,
			);
			path = Bundle;
			sourceTree = "<group>";
		};
		625B4A1B264CA3D200AAF11F /* Storyboards */ = {
			isa = PBXGroup;
			children = (
				625B4A00264C9D7C00AAF11F /* Main.storyboard */,
				625B4A08264C9D7D00AAF11F /* LaunchScreen.storyboard */,
			);
			path = Storyboards;
			sourceTree = "<group>";
		};
		625B4A1C264CA3E100AAF11F /* Supporting Files */ = {
			isa = PBXGroup;
			children = (
				625B4A0B264C9D7D00AAF11F /* Info.plist */,
			);
			path = "Supporting Files";
			sourceTree = "<group>";
		};
		625B4A1D264CA40600AAF11F /* Persistance */ = {
			isa = PBXGroup;
			children = (
				625B4A03264C9D7C00AAF11F /* Microphone_Recording.xcdatamodeld */,
			);
			path = Persistance;
			sourceTree = "<group>";
		};
		625B4A1E264CA42E00AAF11F /* Modules */ = {
			isa = PBXGroup;
			children = (
				6225A915264D1DB4001751BE /* AudioFileTableViewCell */,
				625B4AD9264CB6CD00AAF11F /* ApplicationCoordinator.swift */,
				625B49FE264C9D7C00AAF11F /* ViewController.swift */,
				625B4ACF264CB2D200AAF11F /* InterfaceViewModel.swift */,
			);
			path = Modules;
			sourceTree = "<group>";
		};
		625B4A6A264CA61A00AAF11F /* Extensions */ = {
			isa = PBXGroup;
			children = (
				625B4A6D264CA61A00AAF11F /* UIKit */,
				625B4A7E264CA61A00AAF11F /* Foundation */,
				625B4A86264CA61A00AAF11F /* ReactiveSwift */,
				625B4A90264CA61A00AAF11F /* Swift */,
			);
			path = Extensions;
			sourceTree = "<group>";
		};
		625B4A6D264CA61A00AAF11F /* UIKit */ = {
			isa = PBXGroup;
			children = (
				625B4A6E264CA61A00AAF11F /* UIScrollView */,
				625B4A70264CA61A00AAF11F /* UIApplication */,
				625B4A73264CA61A00AAF11F /* UIView */,
				625B4A76264CA61A00AAF11F /* Bundle+loadViewFromNibNamed.swift */,
				625B4A77264CA61A00AAF11F /* UICollectionView */,
				625B4A7B264CA61A00AAF11F /* UITableView */,
			);
			path = UIKit;
			sourceTree = "<group>";
		};
		625B4A6E264CA61A00AAF11F /* UIScrollView */ = {
			isa = PBXGroup;
			children = (
				625B4A6F264CA61A00AAF11F /* UIScrollView+adjustInsetsOnKeyboardNotification.swift */,
			);
			path = UIScrollView;
			sourceTree = "<group>";
		};
		625B4A70264CA61A00AAF11F /* UIApplication */ = {
			isa = PBXGroup;
			children = (
				625B4A71264CA61A00AAF11F /* UIImage+imageWithColor.swift */,
			);
			path = UIApplication;
			sourceTree = "<group>";
		};
		625B4A73264CA61A00AAF11F /* UIView */ = {
			isa = PBXGroup;
			children = (
				625B4A74264CA61A00AAF11F /* UIView+borderColor.swift */,
				625B4A75264CA61A00AAF11F /* UIView+addViewEndEditingOnTouch.swift */,
			);
			path = UIView;
			sourceTree = "<group>";
		};
		625B4A77264CA61A00AAF11F /* UICollectionView */ = {
			isa = PBXGroup;
			children = (
				625B4A78264CA61A00AAF11F /* UICollectionView+dequeueReusable.swift */,
				625B4A79264CA61A00AAF11F /* UICollectionView+SupplementarySectionViewKind.swift */,
				625B4A7A264CA61A00AAF11F /* UICollectionView+registerNibWithType.swift */,
			);
			path = UICollectionView;
			sourceTree = "<group>";
		};
		625B4A7B264CA61A00AAF11F /* UITableView */ = {
			isa = PBXGroup;
			children = (
				625B4A7C264CA61A00AAF11F /* UITableView+dequeueReusable.swift */,
				625B4A7D264CA61A00AAF11F /* UITableView+registerNibWithType.swift */,
			);
			path = UITableView;
			sourceTree = "<group>";
		};
		625B4A7E264CA61A00AAF11F /* Foundation */ = {
			isa = PBXGroup;
			children = (
				625B4A80264CA61A00AAF11F /* Array */,
				625B4A84264CA61A00AAF11F /* NSObject */,
				625B4A83264CA61A00AAF11F /* DispatchTimeInterval+timeInterval.swift */,
			);
			path = Foundation;
			sourceTree = "<group>";
		};
		625B4A80264CA61A00AAF11F /* Array */ = {
			isa = PBXGroup;
			children = (
				625B4A81264CA61A00AAF11F /* Array+removing.swift */,
				625B4A82264CA61A00AAF11F /* Array+safeSubscript.swift */,
			);
			path = Array;
			sourceTree = "<group>";
		};
		625B4A84264CA61A00AAF11F /* NSObject */ = {
			isa = PBXGroup;
			children = (
				625B4A85264CA61A00AAF11F /* NSObject+assosiations.swift */,
			);
			path = NSObject;
			sourceTree = "<group>";
		};
		625B4A86264CA61A00AAF11F /* ReactiveSwift */ = {
			isa = PBXGroup;
			children = (
				625B4A87264CA61A00AAF11F /* SignalProducer+Unwrap.swift */,
				625B4A88264CA61A00AAF11F /* ReactiveSwift+Skip.swift */,
				625B4A89264CA61A00AAF11F /* Reactive+UICollectionView.swift */,
				625B4A8A264CA61A00AAF11F /* Action+executingEmpty.swift */,
				625B4A8B264CA61A00AAF11F /* SignalProducer+Timer.swift */,
				625B4A8C264CA61A00AAF11F /* Reactive+UINavigationBar.swift */,
				625B4A8D264CA61A00AAF11F /* ReactiveSwift+DebugLog.swift */,
				625B4A8E264CA61A00AAF11F /* Reactive+UITableView.swift */,
				625B4A8F264CA61A00AAF11F /* Action+enabledIf.swift */,
			);
			path = ReactiveSwift;
			sourceTree = "<group>";
		};
		625B4A90264CA61A00AAF11F /* Swift */ = {
			isa = PBXGroup;
			children = (
				625B4A91264CA61A00AAF11F /* FloatingPoint+Angles.swift */,
				625B4A92264CA61A00AAF11F /* Optional+Emptyable.swift */,
				625B4A93264CA61A00AAF11F /* String+Amount.swift */,
				625B4A94264CA61A00AAF11F /* String+RegularExpressions.swift */,
				625B4A95264CA61A00AAF11F /* Numerics.swift */,
			);
			path = Swift;
			sourceTree = "<group>";
		};
		625B4AB5264CA62500AAF11F /* Protocols */ = {
			isa = PBXGroup;
			children = (
				6225A91D264D20CC001751BE /* TableView */,
				625B4AB8264CA67200AAF11F /* ViewModel */,
			);
			path = Protocols;
			sourceTree = "<group>";
		};
		625B4AB8264CA67200AAF11F /* ViewModel */ = {
			isa = PBXGroup;
			children = (
				625B4AB9264CA67200AAF11F /* ViewModel.swift */,
				625B4ABA264CA67200AAF11F /* ViewModelContainer.swift */,
				625B4ABB264CA67200AAF11F /* ReusableViewModelContainer.swift */,
			);
			path = ViewModel;
			sourceTree = "<group>";
		};
		625B4AC0264CA75400AAF11F /* UseCases */ = {
			isa = PBXGroup;
			children = (
				625B4AC1264CA76B00AAF11F /* AudioRecordingUseCase.swift */,
				625B4AC3264CA78F00AAF11F /* AudioListUseCase.swift */,
			);
			path = UseCases;
			sourceTree = "<group>";
		};
		625B4AC5264CA81200AAF11F /* Services */ = {
			isa = PBXGroup;
			children = (
				625B4AC9264CA96800AAF11F /* RecordingService.swift */,
				625B4ACB264CA9C300AAF11F /* StorageService.swift */,
			);
			path = Services;
			sourceTree = "<group>";
		};
		625B4AC6264CA8CC00AAF11F /* Models */ = {
			isa = PBXGroup;
			children = (
				625B4AC7264CA8DB00AAF11F /* MediaFile.swift */,
			);
			path = Models;
			sourceTree = "<group>";
		};
		625B4AD1264CB36800AAF11F /* Components */ = {
			isa = PBXGroup;
			children = (
				6225A918264D1FE9001751BE /* TableView */,
				625B4AD5264CB38300AAF11F /* ActionButton.swift */,
			);
			path = Components;
			sourceTree = "<group>";
		};
		625B4ADB264CCB6A00AAF11F /* Persistance */ = {
			isa = PBXGroup;
			children = (
				625B4ADC264CCB7800AAF11F /* MediaRepository.swift */,
			);
			path = Persistance;
			sourceTree = "<group>";
		};
		DC5F6DB6D72E78013D0C22BD /* Pods */ = {
			isa = PBXGroup;
			children = (
				E1C668836C0D85807428514F /* Pods-Microphone Recording.debug.xcconfig */,
				131A964C682B25F37CC969D8 /* Pods-Microphone Recording.release.xcconfig */,
			);
			path = Pods;
			sourceTree = "<group>";
		};
/* End PBXGroup section */

/* Begin PBXNativeTarget section */
		625B49F6264C9D7C00AAF11F /* Microphone Recording */ = {
			isa = PBXNativeTarget;
			buildConfigurationList = 625B4A0E264C9D7D00AAF11F /* Build configuration list for PBXNativeTarget "Microphone Recording" */;
			buildPhases = (
				85E8A8B3969DC7A0429A5A5A /* [CP] Check Pods Manifest.lock */,
				625B49F3264C9D7C00AAF11F /* Sources */,
				625B49F4264C9D7C00AAF11F /* Frameworks */,
				625B49F5264C9D7C00AAF11F /* Resources */,
				0FE79AE428C8D21C608CD866 /* [CP] Embed Pods Frameworks */,
			);
			buildRules = (
			);
			dependencies = (
			);
			name = "Microphone Recording";
			productName = "Microphone Recording";
			productReference = 625B49F7264C9D7C00AAF11F /* Microphone Recording.app */;
			productType = "com.apple.product-type.application";
		};
/* End PBXNativeTarget section */

/* Begin PBXProject section */
		625B49EF264C9D7C00AAF11F /* Project object */ = {
			isa = PBXProject;
			attributes = {
				LastSwiftUpdateCheck = 1250;
				LastUpgradeCheck = 1250;
				TargetAttributes = {
					625B49F6264C9D7C00AAF11F = {
						CreatedOnToolsVersion = 12.5;
					};
				};
			};
			buildConfigurationList = 625B49F2264C9D7C00AAF11F /* Build configuration list for PBXProject "Microphone Recording" */;
			compatibilityVersion = "Xcode 9.3";
			developmentRegion = en;
			hasScannedForEncodings = 0;
			knownRegions = (
				en,
				Base,
			);
			mainGroup = 625B49EE264C9D7C00AAF11F;
			productRefGroup = 625B49F8264C9D7C00AAF11F /* Products */;
			projectDirPath = "";
			projectRoot = "";
			targets = (
				625B49F6264C9D7C00AAF11F /* Microphone Recording */,
			);
		};
/* End PBXProject section */

/* Begin PBXResourcesBuildPhase section */
		625B49F5264C9D7C00AAF11F /* Resources */ = {
			isa = PBXResourcesBuildPhase;
			buildActionMask = 2147483647;
			files = (
				625B4A0A264C9D7D00AAF11F /* LaunchScreen.storyboard in Resources */,
				625B4A07264C9D7D00AAF11F /* Assets.xcassets in Resources */,
				625B4A02264C9D7C00AAF11F /* Main.storyboard in Resources */,
			);
			runOnlyForDeploymentPostprocessing = 0;
		};
/* End PBXResourcesBuildPhase section */

/* Begin PBXShellScriptBuildPhase section */
		0FE79AE428C8D21C608CD866 /* [CP] Embed Pods Frameworks */ = {
			isa = PBXShellScriptBuildPhase;
			buildActionMask = 2147483647;
			files = (
			);
			inputFileListPaths = (
				"${PODS_ROOT}/Target Support Files/Pods-Microphone Recording/Pods-Microphone Recording-frameworks-${CONFIGURATION}-input-files.xcfilelist",
			);
			name = "[CP] Embed Pods Frameworks";
			outputFileListPaths = (
				"${PODS_ROOT}/Target Support Files/Pods-Microphone Recording/Pods-Microphone Recording-frameworks-${CONFIGURATION}-output-files.xcfilelist",
			);
			runOnlyForDeploymentPostprocessing = 0;
			shellPath = /bin/sh;
			shellScript = "\"${PODS_ROOT}/Target Support Files/Pods-Microphone Recording/Pods-Microphone Recording-frameworks.sh\"\n";
			showEnvVarsInLog = 0;
		};
		85E8A8B3969DC7A0429A5A5A /* [CP] Check Pods Manifest.lock */ = {
			isa = PBXShellScriptBuildPhase;
			buildActionMask = 2147483647;
			files = (
			);
			inputFileListPaths = (
			);
			inputPaths = (
				"${PODS_PODFILE_DIR_PATH}/Podfile.lock",
				"${PODS_ROOT}/Manifest.lock",
			);
			name = "[CP] Check Pods Manifest.lock";
			outputFileListPaths = (
			);
			outputPaths = (
				"$(DERIVED_FILE_DIR)/Pods-Microphone Recording-checkManifestLockResult.txt",
			);
			runOnlyForDeploymentPostprocessing = 0;
			shellPath = /bin/sh;
			shellScript = "diff \"${PODS_PODFILE_DIR_PATH}/Podfile.lock\" \"${PODS_ROOT}/Manifest.lock\" > /dev/null\nif [ $? != 0 ] ; then\n    # print error to STDERR\n    echo \"error: The sandbox is not in sync with the Podfile.lock. Run 'pod install' or update your CocoaPods installation.\" >&2\n    exit 1\nfi\n# This output is used by Xcode 'outputs' to avoid re-running this script phase.\necho \"SUCCESS\" > \"${SCRIPT_OUTPUT_FILE_0}\"\n";
			showEnvVarsInLog = 0;
		};
/* End PBXShellScriptBuildPhase section */

/* Begin PBXSourcesBuildPhase section */
		625B49F3264C9D7C00AAF11F /* Sources */ = {
			isa = PBXSourcesBuildPhase;
			buildActionMask = 2147483647;
			files = (
				625B4AA7264CA61A00AAF11F /* SignalProducer+Unwrap.swift in Sources */,
				625B4AAC264CA61A00AAF11F /* Reactive+UINavigationBar.swift in Sources */,
				625B4AC8264CA8DB00AAF11F /* MediaFile.swift in Sources */,
				625B4ADD264CCB7800AAF11F /* MediaRepository.swift in Sources */,
				625B4A9C264CA61A00AAF11F /* Bundle+loadViewFromNibNamed.swift in Sources */,
				6225A91F264D20E6001751BE /* SectionedDataSource.swift in Sources */,
				6225A917264D1DCC001751BE /* AudioFileCellViewModel.swift in Sources */,
				625B4A9F264CA61A00AAF11F /* UICollectionView+registerNibWithType.swift in Sources */,
				625B4AB0264CA61A00AAF11F /* FloatingPoint+Angles.swift in Sources */,
				625B4AC4264CA78F00AAF11F /* AudioListUseCase.swift in Sources */,
				625B4AA4264CA61A00AAF11F /* Array+safeSubscript.swift in Sources */,
				625B4AB4264CA61A00AAF11F /* Numerics.swift in Sources */,
				625B4AA6264CA61A00AAF11F /* NSObject+assosiations.swift in Sources */,
				625B4A9E264CA61A00AAF11F /* UICollectionView+SupplementarySectionViewKind.swift in Sources */,
				625B4A17264CA0A000AAF11F /* Platform.swift in Sources */,
				625B4A97264CA61A00AAF11F /* UIScrollView+adjustInsetsOnKeyboardNotification.swift in Sources */,
				625B4ACC264CA9C300AAF11F /* StorageService.swift in Sources */,
				625B49FF264C9D7C00AAF11F /* ViewController.swift in Sources */,
				625B4A9A264CA61A00AAF11F /* UIView+borderColor.swift in Sources */,
				625B4A98264CA61A00AAF11F /* UIImage+imageWithColor.swift in Sources */,
				625B4AAD264CA61A00AAF11F /* ReactiveSwift+DebugLog.swift in Sources */,
				625B4ABF264CA67200AAF11F /* ReusableViewModelContainer.swift in Sources */,
				625B4A9D264CA61A00AAF11F /* UICollectionView+dequeueReusable.swift in Sources */,
				625B4ACA264CA96800AAF11F /* RecordingService.swift in Sources */,
				625B49FB264C9D7C00AAF11F /* AppDelegate.swift in Sources */,
				625B49FD264C9D7C00AAF11F /* SceneDelegate.swift in Sources */,
				6225A914264D1D1E001751BE /* AudioFileTableViewCell.swift in Sources */,
				625B4AD8264CB38300AAF11F /* ActionButton.swift in Sources */,
				625B4ABD264CA67200AAF11F /* ViewModel.swift in Sources */,
				625B4AA8264CA61A00AAF11F /* ReactiveSwift+Skip.swift in Sources */,
				6225A91B264D1FE9001751BE /* TableViewSectionViewModel.swift in Sources */,
				625B4AA3264CA61A00AAF11F /* Array+removing.swift in Sources */,
				625B4AAE264CA61A00AAF11F /* Reactive+UITableView.swift in Sources */,
				625B4AB3264CA61A00AAF11F /* String+RegularExpressions.swift in Sources */,
				625B4AAF264CA61A00AAF11F /* Action+enabledIf.swift in Sources */,
				625B4AB1264CA61A00AAF11F /* Optional+Emptyable.swift in Sources */,
				625B4AAA264CA61A00AAF11F /* Action+executingEmpty.swift in Sources */,
				6225A91C264D1FE9001751BE /* TableViewDataSource.swift in Sources */,
				625B4AD0264CB2D200AAF11F /* InterfaceViewModel.swift in Sources */,
				625B4AA5264CA61A00AAF11F /* DispatchTimeInterval+timeInterval.swift in Sources */,
				625B4ADA264CB6CD00AAF11F /* ApplicationCoordinator.swift in Sources */,
				625B4AC2264CA76B00AAF11F /* AudioRecordingUseCase.swift in Sources */,
				625B4A19264CA1B400AAF11F /* UseCaseProvider.swift in Sources */,
				625B4A05264C9D7C00AAF11F /* Microphone_Recording.xcdatamodeld in Sources */,
				625B4A9B264CA61A00AAF11F /* UIView+addViewEndEditingOnTouch.swift in Sources */,
				625B4ABE264CA67200AAF11F /* ViewModelContainer.swift in Sources */,
				625B4AA9264CA61A00AAF11F /* Reactive+UICollectionView.swift in Sources */,
				625B4AA1264CA61A00AAF11F /* UITableView+registerNibWithType.swift in Sources */,
				625B4AB2264CA61A00AAF11F /* String+Amount.swift in Sources */,
				625B4AA0264CA61A00AAF11F /* UITableView+dequeueReusable.swift in Sources */,
				625B4AAB264CA61A00AAF11F /* SignalProducer+Timer.swift in Sources */,
			);
			runOnlyForDeploymentPostprocessing = 0;
		};
/* End PBXSourcesBuildPhase section */

/* Begin PBXVariantGroup section */
		625B4A00264C9D7C00AAF11F /* Main.storyboard */ = {
			isa = PBXVariantGroup;
			children = (
				625B4A01264C9D7C00AAF11F /* Base */,
			);
			name = Main.storyboard;
			sourceTree = "<group>";
		};
		625B4A08264C9D7D00AAF11F /* LaunchScreen.storyboard */ = {
			isa = PBXVariantGroup;
			children = (
				625B4A09264C9D7D00AAF11F /* Base */,
			);
			name = LaunchScreen.storyboard;
			sourceTree = "<group>";
		};
/* End PBXVariantGroup section */

/* Begin XCBuildConfiguration section */
		625B4A0C264C9D7D00AAF11F /* Debug */ = {
			isa = XCBuildConfiguration;
			buildSettings = {
				ALWAYS_SEARCH_USER_PATHS = NO;
				CLANG_ANALYZER_NONNULL = YES;
				CLANG_ANALYZER_NUMBER_OBJECT_CONVERSION = YES_AGGRESSIVE;
				CLANG_CXX_LANGUAGE_STANDARD = "gnu++14";
				CLANG_CXX_LIBRARY = "libc++";
				CLANG_ENABLE_MODULES = YES;
				CLANG_ENABLE_OBJC_ARC = YES;
				CLANG_ENABLE_OBJC_WEAK = YES;
				CLANG_WARN_BLOCK_CAPTURE_AUTORELEASING = YES;
				CLANG_WARN_BOOL_CONVERSION = YES;
				CLANG_WARN_COMMA = YES;
				CLANG_WARN_CONSTANT_CONVERSION = YES;
				CLANG_WARN_DEPRECATED_OBJC_IMPLEMENTATIONS = YES;
				CLANG_WARN_DIRECT_OBJC_ISA_USAGE = YES_ERROR;
				CLANG_WARN_DOCUMENTATION_COMMENTS = YES;
				CLANG_WARN_EMPTY_BODY = YES;
				CLANG_WARN_ENUM_CONVERSION = YES;
				CLANG_WARN_INFINITE_RECURSION = YES;
				CLANG_WARN_INT_CONVERSION = YES;
				CLANG_WARN_NON_LITERAL_NULL_CONVERSION = YES;
				CLANG_WARN_OBJC_IMPLICIT_RETAIN_SELF = YES;
				CLANG_WARN_OBJC_LITERAL_CONVERSION = YES;
				CLANG_WARN_OBJC_ROOT_CLASS = YES_ERROR;
				CLANG_WARN_QUOTED_INCLUDE_IN_FRAMEWORK_HEADER = YES;
				CLANG_WARN_RANGE_LOOP_ANALYSIS = YES;
				CLANG_WARN_STRICT_PROTOTYPES = YES;
				CLANG_WARN_SUSPICIOUS_MOVE = YES;
				CLANG_WARN_UNGUARDED_AVAILABILITY = YES_AGGRESSIVE;
				CLANG_WARN_UNREACHABLE_CODE = YES;
				CLANG_WARN__DUPLICATE_METHOD_MATCH = YES;
				COPY_PHASE_STRIP = NO;
				DEBUG_INFORMATION_FORMAT = dwarf;
				ENABLE_STRICT_OBJC_MSGSEND = YES;
				ENABLE_TESTABILITY = YES;
				GCC_C_LANGUAGE_STANDARD = gnu11;
				GCC_DYNAMIC_NO_PIC = NO;
				GCC_NO_COMMON_BLOCKS = YES;
				GCC_OPTIMIZATION_LEVEL = 0;
				GCC_PREPROCESSOR_DEFINITIONS = (
					"DEBUG=1",
					"$(inherited)",
				);
				GCC_WARN_64_TO_32_BIT_CONVERSION = YES;
				GCC_WARN_ABOUT_RETURN_TYPE = YES_ERROR;
				GCC_WARN_UNDECLARED_SELECTOR = YES;
				GCC_WARN_UNINITIALIZED_AUTOS = YES_AGGRESSIVE;
				GCC_WARN_UNUSED_FUNCTION = YES;
				GCC_WARN_UNUSED_VARIABLE = YES;
				IPHONEOS_DEPLOYMENT_TARGET = 14.5;
				MTL_ENABLE_DEBUG_INFO = INCLUDE_SOURCE;
				MTL_FAST_MATH = YES;
				ONLY_ACTIVE_ARCH = YES;
				SDKROOT = iphoneos;
				SWIFT_ACTIVE_COMPILATION_CONDITIONS = DEBUG;
				SWIFT_OPTIMIZATION_LEVEL = "-Onone";
			};
			name = Debug;
		};
		625B4A0D264C9D7D00AAF11F /* Release */ = {
			isa = XCBuildConfiguration;
			buildSettings = {
				ALWAYS_SEARCH_USER_PATHS = NO;
				CLANG_ANALYZER_NONNULL = YES;
				CLANG_ANALYZER_NUMBER_OBJECT_CONVERSION = YES_AGGRESSIVE;
				CLANG_CXX_LANGUAGE_STANDARD = "gnu++14";
				CLANG_CXX_LIBRARY = "libc++";
				CLANG_ENABLE_MODULES = YES;
				CLANG_ENABLE_OBJC_ARC = YES;
				CLANG_ENABLE_OBJC_WEAK = YES;
				CLANG_WARN_BLOCK_CAPTURE_AUTORELEASING = YES;
				CLANG_WARN_BOOL_CONVERSION = YES;
				CLANG_WARN_COMMA = YES;
				CLANG_WARN_CONSTANT_CONVERSION = YES;
				CLANG_WARN_DEPRECATED_OBJC_IMPLEMENTATIONS = YES;
				CLANG_WARN_DIRECT_OBJC_ISA_USAGE = YES_ERROR;
				CLANG_WARN_DOCUMENTATION_COMMENTS = YES;
				CLANG_WARN_EMPTY_BODY = YES;
				CLANG_WARN_ENUM_CONVERSION = YES;
				CLANG_WARN_INFINITE_RECURSION = YES;
				CLANG_WARN_INT_CONVERSION = YES;
				CLANG_WARN_NON_LITERAL_NULL_CONVERSION = YES;
				CLANG_WARN_OBJC_IMPLICIT_RETAIN_SELF = YES;
				CLANG_WARN_OBJC_LITERAL_CONVERSION = YES;
				CLANG_WARN_OBJC_ROOT_CLASS = YES_ERROR;
				CLANG_WARN_QUOTED_INCLUDE_IN_FRAMEWORK_HEADER = YES;
				CLANG_WARN_RANGE_LOOP_ANALYSIS = YES;
				CLANG_WARN_STRICT_PROTOTYPES = YES;
				CLANG_WARN_SUSPICIOUS_MOVE = YES;
				CLANG_WARN_UNGUARDED_AVAILABILITY = YES_AGGRESSIVE;
				CLANG_WARN_UNREACHABLE_CODE = YES;
				CLANG_WARN__DUPLICATE_METHOD_MATCH = YES;
				COPY_PHASE_STRIP = NO;
				DEBUG_INFORMATION_FORMAT = "dwarf-with-dsym";
				ENABLE_NS_ASSERTIONS = NO;
				ENABLE_STRICT_OBJC_MSGSEND = YES;
				GCC_C_LANGUAGE_STANDARD = gnu11;
				GCC_NO_COMMON_BLOCKS = YES;
				GCC_WARN_64_TO_32_BIT_CONVERSION = YES;
				GCC_WARN_ABOUT_RETURN_TYPE = YES_ERROR;
				GCC_WARN_UNDECLARED_SELECTOR = YES;
				GCC_WARN_UNINITIALIZED_AUTOS = YES_AGGRESSIVE;
				GCC_WARN_UNUSED_FUNCTION = YES;
				GCC_WARN_UNUSED_VARIABLE = YES;
				IPHONEOS_DEPLOYMENT_TARGET = 14.5;
				MTL_ENABLE_DEBUG_INFO = NO;
				MTL_FAST_MATH = YES;
				SDKROOT = iphoneos;
				SWIFT_COMPILATION_MODE = wholemodule;
				SWIFT_OPTIMIZATION_LEVEL = "-O";
				VALIDATE_PRODUCT = YES;
			};
			name = Release;
		};
		625B4A0F264C9D7D00AAF11F /* Debug */ = {
			isa = XCBuildConfiguration;
			baseConfigurationReference = E1C668836C0D85807428514F /* Pods-Microphone Recording.debug.xcconfig */;
			buildSettings = {
				ASSETCATALOG_COMPILER_APPICON_NAME = AppIcon;
				ASSETCATALOG_COMPILER_GLOBAL_ACCENT_COLOR_NAME = AccentColor;
				CODE_SIGN_ENTITLEMENTS = "Microphone Recording/Microphone Recording.entitlements";
				CODE_SIGN_STYLE = Automatic;
				DEVELOPMENT_TEAM = W6RMDF3HTL;
				INFOPLIST_FILE = "$(SRCROOT)/Microphone Recording/Application/Supporting Files/Info.plist";
				IPHONEOS_DEPLOYMENT_TARGET = 12.1;
				LD_RUNPATH_SEARCH_PATHS = (
					"$(inherited)",
					"@executable_path/Frameworks",
				);
				PRODUCT_BUNDLE_IDENTIFIER = "com.chersky.Microphone-Recording1";
				PRODUCT_NAME = "$(TARGET_NAME)";
				SWIFT_VERSION = 5.0;
				TARGETED_DEVICE_FAMILY = 1;
			};
			name = Debug;
		};
		625B4A10264C9D7D00AAF11F /* Release */ = {
			isa = XCBuildConfiguration;
			baseConfigurationReference = 131A964C682B25F37CC969D8 /* Pods-Microphone Recording.release.xcconfig */;
			buildSettings = {
				ASSETCATALOG_COMPILER_APPICON_NAME = AppIcon;
				ASSETCATALOG_COMPILER_GLOBAL_ACCENT_COLOR_NAME = AccentColor;
				CODE_SIGN_ENTITLEMENTS = "Microphone Recording/Microphone Recording.entitlements";
				CODE_SIGN_STYLE = Automatic;
				DEVELOPMENT_TEAM = W6RMDF3HTL;
				INFOPLIST_FILE = "$(SRCROOT)/Microphone Recording/Application/Supporting Files/Info.plist";
				IPHONEOS_DEPLOYMENT_TARGET = 12.1;
				LD_RUNPATH_SEARCH_PATHS = (
					"$(inherited)",
					"@executable_path/Frameworks",
				);
				PRODUCT_BUNDLE_IDENTIFIER = "com.chersky.Microphone-Recording1";
				PRODUCT_NAME = "$(TARGET_NAME)";
				SWIFT_VERSION = 5.0;
				TARGETED_DEVICE_FAMILY = 1;
			};
			name = Release;
		};
/* End XCBuildConfiguration section */

/* Begin XCConfigurationList section */
		625B49F2264C9D7C00AAF11F /* Build configuration list for PBXProject "Microphone Recording" */ = {
			isa = XCConfigurationList;
			buildConfigurations = (
				625B4A0C264C9D7D00AAF11F /* Debug */,
				625B4A0D264C9D7D00AAF11F /* Release */,
			);
			defaultConfigurationIsVisible = 0;
			defaultConfigurationName = Release;
		};
		625B4A0E264C9D7D00AAF11F /* Build configuration list for PBXNativeTarget "Microphone Recording" */ = {
			isa = XCConfigurationList;
			buildConfigurations = (
				625B4A0F264C9D7D00AAF11F /* Debug */,
				625B4A10264C9D7D00AAF11F /* Release */,
			);
			defaultConfigurationIsVisible = 0;
			defaultConfigurationName = Release;
		};
/* End XCConfigurationList section */

/* Begin XCVersionGroup section */
		625B4A03264C9D7C00AAF11F /* Microphone_Recording.xcdatamodeld */ = {
			isa = XCVersionGroup;
			children = (
				625B4A04264C9D7C00AAF11F /* Microphone_Recording.xcdatamodel */,
			);
			currentVersion = 625B4A04264C9D7C00AAF11F /* Microphone_Recording.xcdatamodel */;
			path = Microphone_Recording.xcdatamodeld;
			sourceTree = "<group>";
			versionGroupType = wrapper.xcdatamodel;
		};
/* End XCVersionGroup section */
	};
	rootObject = 625B49EF264C9D7C00AAF11F /* Project object */;
}
